# This file is automatically @generated by Poetry 1.7.0 and should not be changed by hand.

[[package]]
name = "colorama"
version = "0.4.6"
description = "Cross-platform colored terminal text."
optional = false
python-versions = "!=3.0.*,!=3.1.*,!=3.2.*,!=3.3.*,!=3.4.*,!=3.5.*,!=3.6.*,>=2.7"
files = [
    {file = "colorama-0.4.6-py2.py3-none-any.whl", hash = "sha256:4f1d9991f5acc0ca119f9d443620b77f9d6b33703e51011c16baf57afb285fc6"},
    {file = "colorama-0.4.6.tar.gz", hash = "sha256:08695f5cb7ed6e0531a20572697297273c47b8cae5a63ffc6d6ed5c201be6e44"},
]

[[package]]
name = "iniconfig"
version = "2.1.0"
description = "brain-dead simple config-ini parsing"
optional = false
python-versions = ">=3.8"
files = [
    {file = "iniconfig-2.1.0-py3-none-any.whl", hash = "sha256:9deba5723312380e77435581c6bf4935c94cbfab9b1ed33ef8d238ea168eb760"},
    {file = "iniconfig-2.1.0.tar.gz", hash = "sha256:3abbd2e30b36733fee78f9c7f7308f2d0050e88f0087fd25c2645f63c773e1c7"},
]

[[package]]
name = "packaging"
version = "25.0"
description = "Core utilities for Python packages"
optional = false
python-versions = ">=3.8"
files = [
    {file = "packaging-25.0-py3-none-any.whl", hash = "sha256:29572ef2b1f17581046b3a2227d5c611fb25ec70ca1ba8554b24b0e69331a484"},
    {file = "packaging-25.0.tar.gz", hash = "sha256:d443872c98d677bf60f6a1f2f8c1cb748e8fe762d2bf9d3148b5599295b0fc4f"},
]

[[package]]
name = "pluggy"
version = "1.6.0"
description = "plugin and hook calling mechanisms for python"
optional = false
python-versions = ">=3.9"
files = [
    {file = "pluggy-1.6.0-py3-none-any.whl", hash = "sha256:e920276dd6813095e9377c0bc5566d94c932c33b27a3e3945d8389c374dd4746"},
    {file = "pluggy-1.6.0.tar.gz", hash = "sha256:7dcc130b76258d33b90f61b658791dede3486c3e6bfb003ee5c9bfb396dd22f3"},
]

[package.extras]
dev = ["pre-commit", "tox"]
testing = ["coverage", "pytest", "pytest-benchmark"]

[[package]]
name = "pytest"
version = "8.3.5"
description = "pytest: simple powerful testing with Python"
optional = false
python-versions = ">=3.8"
files = [
    {file = "pytest-8.3.5-py3-none-any.whl", hash = "sha256:c69214aa47deac29fad6c2a4f590b9c4a9fdb16a403176fe154b79c0b4d4d820"},
    {file = "pytest-8.3.5.tar.gz", hash = "sha256:f4efe70cc14e511565ac476b57c279e12a855b11f48f212af1080ef2263d3845"},
]

[package.dependencies]
colorama = {version = "*", markers = "sys_platform == \"win32\""}
iniconfig = "*"
packaging = "*"
pluggy = ">=1.5,<2"

[package.extras]
dev = ["argcomplete", "attrs (>=19.2)", "hypothesis (>=3.56)", "mock", "pygments (>=2.7.2)", "requests", "setuptools", "xmlschema"]

[[package]]
name = "saxonche"
version = "12.6.0"
description = "Official Saxonica python package for the SaxonC-HE 12.6.0 processor: for XSLT 3.0, XQuery 3.1, XPath 3.1 and XML Schema processing."
optional = false
python-versions = ">=3.9"
files = [
    {file = "saxonche-12.6.0-cp310-cp310-macosx_10_11_x86_64.whl", hash = "sha256:e876071e5613045399a798a64ae9b7966b686aafe134198de212115530c8887b"},
    {file = "saxonche-12.6.0-cp310-cp310-macosx_11_0_arm64.whl", hash = "sha256:9dea44813d804ce35749052e671026d214cbb09f7d5d1a78c5246059791620b3"},
    {file = "saxonche-12.6.0-cp310-cp310-manylinux_2_24_aarch64.whl", hash = "sha256:6703af053acd8fd3f6620e6dbf4e272496896e504ebeaa68124fdb5fade9017e"},
    {file = "saxonche-12.6.0-cp310-cp310-manylinux_2_24_x86_64.whl", hash = "sha256:1de1401f151ef802e8c1ad72b3371c12debcb9723773bdf3d77006a83255ed8c"},
    {file = "saxonche-12.6.0-cp310-cp310-win_amd64.whl", hash = "sha256:f7362c487242fb30071aa384c44827aef002435050b91332456c0342e4f66b15"},
    {file = "saxonche-12.6.0-cp311-cp311-macosx_10_11_x86_64.whl", hash = "sha256:f2cf5e9a1b315decc891e008ade7a508f73952fdea74f59f5599c16aff085463"},
    {file = "saxonche-12.6.0-cp311-cp311-macosx_11_0_arm64.whl", hash = "sha256:eeeb113520d642fb56b4c884a9abbfd322b45ab1461b4c3ce26f1a2bdc43efe1"},
    {file = "saxonche-12.6.0-cp311-cp311-manylinux_2_24_aarch64.whl", hash = "sha256:158b6332462b34c085b8706aaa0d43f2db388133d8b0ff7bee58b6a33cebee91"},
    {file = "saxonche-12.6.0-cp311-cp311-manylinux_2_24_x86_64.whl", hash = "sha256:0841f84dfd7f7f4295927c1ea3c720cddc46cf048066761eb766d7c6dbb3d00f"},
    {file = "saxonche-12.6.0-cp311-cp311-win_amd64.whl", hash = "sha256:d5feecde16eccacf7a88ff52c458a5ceb387872936d26b4963ca7cca23908b60"},
    {file = "saxonche-12.6.0-cp312-cp312-macosx_10_11_x86_64.whl", hash = "sha256:af3d2d759b9ac7b3351d65d6ad7a2e9166a4681fc45abc5c843febe77568ae01"},
    {file = "saxonche-12.6.0-cp312-cp312-macosx_11_0_arm64.whl", hash = "sha256:257c47f1e7c6192d3f4356df556e6efa2431ef4d90a74c329c230f7a80291c1c"},
    {file = "saxonche-12.6.0-cp312-cp312-manylinux_2_24_aarch64.whl", hash = "sha256:a6edaf77fac31e24af202119db7cad45a7205337c28c7dd3a0677a596add152f"},
    {file = "saxonche-12.6.0-cp312-cp312-manylinux_2_24_x86_64.whl", hash = "sha256:e9523dcc457e3a9a33160c2b88e03057704587b966b06fef997a53cf0556604a"},
    {file = "saxonche-12.6.0-cp312-cp312-win_amd64.whl", hash = "sha256:48e29a5e61d3b2ab9c31c4bc7fa177340648758ac60670fe0e5bd806af88ffc0"},
    {file = "saxonche-12.6.0-cp313-cp313-macosx_10_11_x86_64.whl", hash = "sha256:125787c8d7d1601bb3b12837776f7d17e352b56c4bf5bcf7a9d94dd6a4e05a26"},
    {file = "saxonche-12.6.0-cp313-cp313-macosx_11_0_arm64.whl", hash = "sha256:3a473a3337f08253c768a4ba9afc29a43362e752086a356e89eaf06874f10bdc"},
    {file = "saxonche-12.6.0-cp313-cp313-manylinux_2_24_aarch64.whl", hash = "sha256:5e7571d1c68f63772a9bc97498d965acd992eaf2147ae79264d6ab05f231df10"},
    {file = "saxonche-12.6.0-cp313-cp313-manylinux_2_24_x86_64.whl", hash = "sha256:7b3aaefb163cbc1f6bf3a89e5f95b7b310505078f5c0bcf40964156eb4346d67"},
    {file = "saxonche-12.6.0-cp313-cp313-win_amd64.whl", hash = "sha256:9c10b98147a4b1802ee9f430a9e3353654825f6688cf1795a63d6dd39b8b3c5a"},
    {file = "saxonche-12.6.0-cp39-cp39-macosx_10_11_x86_64.whl", hash = "sha256:a94a91f97ed8ced528fb6927ba0f0bd4fedabff33475457bce8184aab47c84ea"},
    {file = "saxonche-12.6.0-cp39-cp39-macosx_11_0_arm64.whl", hash = "sha256:601c3f3f829bc96b09deae7f0fbc8cbf4c3e24960e890791b2d1061e34be957f"},
    {file = "saxonche-12.6.0-cp39-cp39-manylinux_2_24_aarch64.whl", hash = "sha256:5853189b8884b6b783c604ce2fe1373d1c10187b3cc2f740807e0cf8800cd8be"},
    {file = "saxonche-12.6.0-cp39-cp39-manylinux_2_24_x86_64.whl", hash = "sha256:4fd709923fa237db6b97e520e31a4e5449338b174814f4de086ffb9864be32bd"},
    {file = "saxonche-12.6.0-cp39-cp39-win_amd64.whl", hash = "sha256:dea522e1003622b82763fa6e797ce2c11ee36606b1756c4e3fa93069f534816b"},
]

[metadata]
lock-version = "2.0"
python-versions = "^3.11"
content-hash = "bfc55b53e592ea86f7f095567defb6d29a59637a32e4a49ddd6f8794b1067cbb"
