# This file is automatically @generated by Poetry 1.7.0 and should not be changed by hand.

[[package]]
name = "colorama"
version = "0.4.6"
description = "Cross-platform colored terminal text."
optional = false
python-versions = "!=3.0.*,!=3.1.*,!=3.2.*,!=3.3.*,!=3.4.*,!=3.5.*,!=3.6.*,>=2.7"
files = [
    {file = "colorama-0.4.6-py2.py3-none-any.whl", hash = "sha256:4f1d9991f5acc0ca119f9d443620b77f9d6b33703e51011c16baf57afb285fc6"},
    {file = "colorama-0.4.6.tar.gz", hash = "sha256:08695f5cb7ed6e0531a20572697297273c47b8cae5a63ffc6d6ed5c201be6e44"},
]

[[package]]
name = "iniconfig"
version = "2.0.0"
description = "brain-dead simple config-ini parsing"
optional = false
python-versions = ">=3.7"
files = [
    {file = "iniconfig-2.0.0-py3-none-any.whl", hash = "sha256:b6a85871a79d2e3b22d2d1b94ac2824226a63c6b741c88f7ae975f18b6778374"},
    {file = "iniconfig-2.0.0.tar.gz", hash = "sha256:2d91e135bf72d31a410b17c16da610a82cb55f6b0477d1a902134b24a455b8b3"},
]

[[package]]
name = "packaging"
version = "23.2"
description = "Core utilities for Python packages"
optional = false
python-versions = ">=3.7"
files = [
    {file = "packaging-23.2-py3-none-any.whl", hash = "sha256:8c491190033a9af7e1d931d0b5dacc2ef47509b34dd0de67ed209b5203fc88c7"},
    {file = "packaging-23.2.tar.gz", hash = "sha256:048fb0e9405036518eaaf48a55953c750c11e1a1b68e0dd1a9d62ed0c092cfc5"},
]

[[package]]
name = "pluggy"
version = "1.3.0"
description = "plugin and hook calling mechanisms for python"
optional = false
python-versions = ">=3.8"
files = [
    {file = "pluggy-1.3.0-py3-none-any.whl", hash = "sha256:d89c696a773f8bd377d18e5ecda92b7a3793cbe66c87060a6fb58c7b6e1061f7"},
    {file = "pluggy-1.3.0.tar.gz", hash = "sha256:cf61ae8f126ac6f7c451172cf30e3e43d3ca77615509771b3a984a0730651e12"},
]

[package.extras]
dev = ["pre-commit", "tox"]
testing = ["pytest", "pytest-benchmark"]

[[package]]
name = "pytest"
version = "7.4.4"
description = "pytest: simple powerful testing with Python"
optional = false
python-versions = ">=3.7"
files = [
    {file = "pytest-7.4.4-py3-none-any.whl", hash = "sha256:b090cdf5ed60bf4c45261be03239c2c1c22df034fbffe691abe93cd80cea01d8"},
    {file = "pytest-7.4.4.tar.gz", hash = "sha256:2cf0005922c6ace4a3e2ec8b4080eb0d9753fdc93107415332f50ce9e7994280"},
]

[package.dependencies]
colorama = {version = "*", markers = "sys_platform == \"win32\""}
iniconfig = "*"
packaging = "*"
pluggy = ">=0.12,<2.0"

[package.extras]
testing = ["argcomplete", "attrs (>=19.2.0)", "hypothesis (>=3.56)", "mock", "nose", "pygments (>=2.7.2)", "requests", "setuptools", "xmlschema"]

[[package]]
name = "saxonche"
version = "12.3.0"
description = "Official Saxonica python package for the SaxonC-HE 12.3 processor: for XSLT 3.0, XQuery 3.1, XPath 3.1 and XML Schema processing."
optional = false
python-versions = ">=3.8"
files = [
    {file = "saxonche-12.3.0-cp310-cp310-macosx_10_9_x86_64.whl", hash = "sha256:c8f7301606f946a372bff6f4341ba70b8b16024e418c3b92067aa1cdd1d895b2"},
    {file = "saxonche-12.3.0-cp310-cp310-macosx_11_0_arm64.whl", hash = "sha256:8132f0590e140f249bed5712ba0cac7071f60ed6171ffef32856cc717e54db93"},
    {file = "saxonche-12.3.0-cp310-cp310-manylinux_2_17_aarch64.manylinux2014_aarch64.whl", hash = "sha256:0928db1784fea596c4bb8169d9824a64a4fa35b779e45cb446acaa6c9f3f92b1"},
    {file = "saxonche-12.3.0-cp310-cp310-manylinux_2_17_x86_64.manylinux2014_x86_64.whl", hash = "sha256:552120cee963f73160960d35849ed5d1c3326560e8baa29af6e2bb0753953e6a"},
    {file = "saxonche-12.3.0-cp310-cp310-win_amd64.whl", hash = "sha256:982afddb411a90b088cbfff3b7e126acc6ed214c9e90910c35d98ccaa4447016"},
    {file = "saxonche-12.3.0-cp311-cp311-macosx_10_9_x86_64.whl", hash = "sha256:4fbc2967f8a6ca4d0e30e9519cd89a89f9f24106b1b24b621fd008e5be71954b"},
    {file = "saxonche-12.3.0-cp311-cp311-macosx_11_0_arm64.whl", hash = "sha256:ff318156d91988dde7c76a5b5f92abcbd84fc2c18ba6a9e013cab3ec65ed80cb"},
    {file = "saxonche-12.3.0-cp311-cp311-manylinux_2_17_aarch64.manylinux2014_aarch64.whl", hash = "sha256:8be242d91d0690c1f2b178b9bf032ebe1c04f30dfed9ed6795a373be3d8337e8"},
    {file = "saxonche-12.3.0-cp311-cp311-manylinux_2_17_x86_64.manylinux2014_x86_64.whl", hash = "sha256:bd88744e780b346000ef337323e845a3be22cdf8356f1068bd7e3c2783f12297"},
    {file = "saxonche-12.3.0-cp311-cp311-win_amd64.whl", hash = "sha256:958a3e9d54bbdb0de4f655418c03f24fa9e9cc95b6faa1cb491d1e592e97ccb0"},
    {file = "saxonche-12.3.0-cp38-cp38-macosx_10_9_x86_64.whl", hash = "sha256:99d12af7ea252a8aa06fe33a4c2c12b36a0186c94528e220618067cdfc840e49"},
    {file = "saxonche-12.3.0-cp38-cp38-macosx_11_0_arm64.whl", hash = "sha256:e436573f23faabbab74dbc8a6fe075ead6d4e4f9a36181270a32e49b2f32ea6f"},
    {file = "saxonche-12.3.0-cp38-cp38-manylinux_2_17_aarch64.manylinux2014_aarch64.whl", hash = "sha256:2387a2ea42dd1f33e20fa51dc9bb33e598ef3a398a6888842cdd846a7fc2b451"},
    {file = "saxonche-12.3.0-cp38-cp38-manylinux_2_17_x86_64.manylinux2014_x86_64.whl", hash = "sha256:715153b63f9d87a6066ac91f89eaa1e5475d77ab21b385a6cb9f8a19b371c8d1"},
    {file = "saxonche-12.3.0-cp38-cp38-win_amd64.whl", hash = "sha256:cce7f890ca0a3ffa6208e98abe87a10bbe0fad4ea16c2c4147433cabacaa7506"},
    {file = "saxonche-12.3.0-cp39-cp39-macosx_10_9_x86_64.whl", hash = "sha256:8d9da806909c23fe9316bc7a5dc7a246d6352aa32cd0a4b16c734402f8cdde8b"},
    {file = "saxonche-12.3.0-cp39-cp39-macosx_11_0_arm64.whl", hash = "sha256:096b957806069e799fa409745c5d195c98a977dc9565c248fac4c635230d2ea3"},
    {file = "saxonche-12.3.0-cp39-cp39-manylinux_2_17_aarch64.manylinux2014_aarch64.whl", hash = "sha256:d7c1d16688d2f6234d8dea90ae7fd4f87248f1c36f1a0d6be3a826432253eab2"},
    {file = "saxonche-12.3.0-cp39-cp39-manylinux_2_17_x86_64.manylinux2014_x86_64.whl", hash = "sha256:ca06e60d7b917ad261c4accc696c7c58a77f5a8e14227642afa1d1e96020f1f3"},
    {file = "saxonche-12.3.0-cp39-cp39-win_amd64.whl", hash = "sha256:3f624d892f9705762d9d9e47984e9d0fe2cb5995ec92244b12ee96f3ea30cd31"},
]

[metadata]
lock-version = "2.0"
python-versions = "^3.11"
content-hash = "c0e196cdcc66c00705007c4023f104a2ca56d18a2d92fae051d62d47c3287f11"
